// !$*UTF8*$!
{
	archiveVersion = 1;
	classes = {
	};
	objectVersion = 46;
	objects = {

/* Begin PBXBuildFile section */
		031254C01ED5851600160CB3 /* AppDelegate.swift in Sources */ = {isa = PBXBuildFile; fileRef = 031254B41ED5851600160CB3 /* AppDelegate.swift */; };
		031254C11ED5851600160CB3 /* Assets.xcassets in Resources */ = {isa = PBXBuildFile; fileRef = 031254B71ED5851600160CB3 /* Assets.xcassets */; };
		031254C31ED5851600160CB3 /* LaunchScreen.storyboard in Resources */ = {isa = PBXBuildFile; fileRef = 031254BC1ED5851600160CB3 /* LaunchScreen.storyboard */; };
		031254C41ED5851600160CB3 /* Main.storyboard in Resources */ = {isa = PBXBuildFile; fileRef = 031254BE1ED5851600160CB3 /* Main.storyboard */; };
		031254C61ED586A000160CB3 /* MainScreen.swift in Sources */ = {isa = PBXBuildFile; fileRef = 031254C51ED586A000160CB3 /* MainScreen.swift */; };
/* End PBXBuildFile section */

/* Begin PBXFileReference section */
		0312549F1ED584B400160CB3 /* Simple Calculator.app */ = {isa = PBXFileReference; explicitFileType = wrapper.application; includeInIndex = 0; path = "Simple Calculator.app"; sourceTree = BUILT_PRODUCTS_DIR; };
		031254B41ED5851600160CB3 /* AppDelegate.swift */ = {isa = PBXFileReference; fileEncoding = 4; lastKnownFileType = sourcecode.swift; path = AppDelegate.swift; sourceTree = "<group>"; };
		031254B71ED5851600160CB3 /* Assets.xcassets */ = {isa = PBXFileReference; lastKnownFileType = folder.assetcatalog; path = Assets.xcassets; sourceTree = "<group>"; };
		031254B91ED5851600160CB3 /* Info.plist */ = {isa = PBXFileReference; fileEncoding = 4; lastKnownFileType = text.plist.xml; path = Info.plist; sourceTree = "<group>"; };
		031254BD1ED5851600160CB3 /* Base */ = {isa = PBXFileReference; lastKnownFileType = file.storyboard; name = Base; path = Base.lproj/LaunchScreen.storyboard; sourceTree = "<group>"; };
		031254BF1ED5851600160CB3 /* Base */ = {isa = PBXFileReference; lastKnownFileType = file.storyboard; name = Base; path = Base.lproj/Main.storyboard; sourceTree = "<group>"; };
		031254C51ED586A000160CB3 /* MainScreen.swift */ = {isa = PBXFileReference; fileEncoding = 4; lastKnownFileType = sourcecode.swift; path = MainScreen.swift; sourceTree = "<group>"; };
/* End PBXFileReference section */

/* Begin PBXFrameworksBuildPhase section */
		0312549C1ED584B400160CB3 /* Frameworks */ = {
			isa = PBXFrameworksBuildPhase;
			buildActionMask = 2147483647;
			files = (
			);
			runOnlyForDeploymentPostprocessing = 0;
		};
/* End PBXFrameworksBuildPhase section */

/* Begin PBXGroup section */
		031254961ED584B400160CB3 = {
			isa = PBXGroup;
			children = (
				031254A11ED584B400160CB3 /* Simple Calculator */,
				031254A01ED584B400160CB3 /* Products */,
			);
			sourceTree = "<group>";
		};
		031254A01ED584B400160CB3 /* Products */ = {
			isa = PBXGroup;
			children = (
				0312549F1ED584B400160CB3 /* Simple Calculator.app */,
			);
			name = Products;
			sourceTree = "<group>";
		};
		031254A11ED584B400160CB3 /* Simple Calculator */ = {
			isa = PBXGroup;
			children = (
				031254B41ED5851600160CB3 /* AppDelegate.swift */,
				031254BB1ED5851600160CB3 /* View */,
				031254BA1ED5851600160CB3 /* Controller */,
				031254B51ED5851600160CB3 /* Resources */,
				031254B81ED5851600160CB3 /* SupportingFiles */,
			);
			path = "Simple Calculator";
			sourceTree = "<group>";
		};
		031254B51ED5851600160CB3 /* Resources */ = {
			isa = PBXGroup;
			children = (
				031254B61ED5851600160CB3 /* Images */,
			);
			path = Resources;
			sourceTree = "<group>";
		};
		031254B61ED5851600160CB3 /* Images */ = {
			isa = PBXGroup;
			children = (
				031254B71ED5851600160CB3 /* Assets.xcassets */,
			);
			path = Images;
			sourceTree = "<group>";
		};
		031254B81ED5851600160CB3 /* SupportingFiles */ = {
			isa = PBXGroup;
			children = (
				031254B91ED5851600160CB3 /* Info.plist */,
			);
			path = SupportingFiles;
			sourceTree = "<group>";
		};
		031254BA1ED5851600160CB3 /* Controller */ = {
			isa = PBXGroup;
			children = (
				031254C51ED586A000160CB3 /* MainScreen.swift */,
			);
			path = Controller;
			sourceTree = "<group>";
		};
		031254BB1ED5851600160CB3 /* View */ = {
			isa = PBXGroup;
			children = (
				031254BC1ED5851600160CB3 /* LaunchScreen.storyboard */,
				031254BE1ED5851600160CB3 /* Main.storyboard */,
			);
			path = View;
			sourceTree = "<group>";
		};
/* End PBXGroup section */

/* Begin PBXNativeTarget section */
		0312549E1ED584B400160CB3 /* Simple Calculator */ = {
			isa = PBXNativeTarget;
			buildConfigurationList = 031254B11ED584B400160CB3 /* Build configuration list for PBXNativeTarget "Simple Calculator" */;
			buildPhases = (
				0312549B1ED584B400160CB3 /* Sources */,
				0312549C1ED584B400160CB3 /* Frameworks */,
				0312549D1ED584B400160CB3 /* Resources */,
			);
			buildRules = (
			);
			dependencies = (
			);
			name = "Simple Calculator";
			productName = "Simple Calculator";
			productReference = 0312549F1ED584B400160CB3 /* Simple Calculator.app */;
			productType = "com.apple.product-type.application";
		};
/* End PBXNativeTarget section */

/* Begin PBXProject section */
		031254971ED584B400160CB3 /* Project object */ = {
			isa = PBXProject;
			attributes = {
				LastSwiftUpdateCheck = 0830;
				LastUpgradeCheck = 0830;
				ORGANIZATIONNAME = C0mrade;
				TargetAttributes = {
					0312549E1ED584B400160CB3 = {
						CreatedOnToolsVersion = 8.3.2;
						DevelopmentTeam = 75A5DAPRYG;
						LastSwiftMigration = 0830;
						ProvisioningStyle = Automatic;
					};
				};
			};
			buildConfigurationList = 0312549A1ED584B400160CB3 /* Build configuration list for PBXProject "Simple Calculator" */;
			compatibilityVersion = "Xcode 3.2";
			developmentRegion = English;
			hasScannedForEncodings = 0;
			knownRegions = (
				en,
				Base,
			);
			mainGroup = 031254961ED584B400160CB3;
			productRefGroup = 031254A01ED584B400160CB3 /* Products */;
			projectDirPath = "";
			projectRoot = "";
			targets = (
				0312549E1ED584B400160CB3 /* Simple Calculator */,
			);
		};
/* End PBXProject section */

/* Begin PBXResourcesBuildPhase section */
		0312549D1ED584B400160CB3 /* Resources */ = {
			isa = PBXResourcesBuildPhase;
			buildActionMask = 2147483647;
			files = (
				031254C31ED5851600160CB3 /* LaunchScreen.storyboard in Resources */,
				031254C11ED5851600160CB3 /* Assets.xcassets in Resources */,
				031254C41ED5851600160CB3 /* Main.storyboard in Resources */,
			);
			runOnlyForDeploymentPostprocessing = 0;
		};
/* End PBXResourcesBuildPhase section */

/* Begin PBXSourcesBuildPhase section */
		0312549B1ED584B400160CB3 /* Sources */ = {
			isa = PBXSourcesBuildPhase;
			buildActionMask = 2147483647;
			files = (
				031254C61ED586A000160CB3 /* MainScreen.swift in Sources */,
				031254C01ED5851600160CB3 /* AppDelegate.swift in Sources */,
			);
			runOnlyForDeploymentPostprocessing = 0;
		};
/* End PBXSourcesBuildPhase section */

/* Begin PBXVariantGroup section */
		031254BC1ED5851600160CB3 /* LaunchScreen.storyboard */ = {
			isa = PBXVariantGroup;
			children = (
				031254BD1ED5851600160CB3 /* Base */,
			);
			name = LaunchScreen.storyboard;
			sourceTree = "<group>";
		};
		031254BE1ED5851600160CB3 /* Main.storyboard */ = {
			isa = PBXVariantGroup;
			children = (
				031254BF1ED5851600160CB3 /* Base */,
			);
			name = Main.storyboard;
			sourceTree = "<group>";
		};
/* End PBXVariantGroup section */

/* Begin XCBuildConfiguration section */
		031254AF1ED584B400160CB3 /* Debug */ = {
			isa = XCBuildConfiguration;
			buildSettings = {
				ALWAYS_SEARCH_USER_PATHS = NO;
				CLANG_ANALYZER_NONNULL = YES;
				CLANG_ANALYZER_NUMBER_OBJECT_CONVERSION = YES_AGGRESSIVE;
				CLANG_CXX_LANGUAGE_STANDARD = "gnu++0x";
				CLANG_CXX_LIBRARY = "libc++";
				CLANG_ENABLE_MODULES = YES;
				CLANG_ENABLE_OBJC_ARC = YES;
				CLANG_WARN_BOOL_CONVERSION = YES;
				CLANG_WARN_CONSTANT_CONVERSION = YES;
				CLANG_WARN_DIRECT_OBJC_ISA_USAGE = YES_ERROR;
				CLANG_WARN_DOCUMENTATION_COMMENTS = YES;
				CLANG_WARN_EMPTY_BODY = YES;
				CLANG_WARN_ENUM_CONVERSION = YES;
				CLANG_WARN_INFINITE_RECURSION = YES;
				CLANG_WARN_INT_CONVERSION = YES;
				CLANG_WARN_OBJC_ROOT_CLASS = YES_ERROR;
				CLANG_WARN_SUSPICIOUS_MOVE = YES;
				CLANG_WARN_UNREACHABLE_CODE = YES;
				CLANG_WARN__DUPLICATE_METHOD_MATCH = YES;
				"CODE_SIGN_IDENTITY[sdk=iphoneos*]" = "iPhone Developer";
				COPY_PHASE_STRIP = NO;
				DEBUG_INFORMATION_FORMAT = dwarf;
				ENABLE_STRICT_OBJC_MSGSEND = YES;
				ENABLE_TESTABILITY = YES;
				GCC_C_LANGUAGE_STANDARD = gnu99;
				GCC_DYNAMIC_NO_PIC = NO;
				GCC_NO_COMMON_BLOCKS = YES;
				GCC_OPTIMIZATION_LEVEL = 0;
				GCC_PREPROCESSOR_DEFINITIONS = (
					"DEBUG=1",
					"$(inherited)",
				);
				GCC_WARN_64_TO_32_BIT_CONVERSION = YES;
				GCC_WARN_ABOUT_RETURN_TYPE = YES_ERROR;
				GCC_WARN_UNDECLARED_SELECTOR = YES;
				GCC_WARN_UNINITIALIZED_AUTOS = YES_AGGRESSIVE;
				GCC_WARN_UNUSED_FUNCTION = YES;
				GCC_WARN_UNUSED_VARIABLE = YES;
				IPHONEOS_DEPLOYMENT_TARGET = 10.3;
				MTL_ENABLE_DEBUG_INFO = YES;
				ONLY_ACTIVE_ARCH = YES;
				SDKROOT = iphoneos;
				SWIFT_ACTIVE_COMPILATION_CONDITIONS = DEBUG;
				SWIFT_OPTIMIZATION_LEVEL = "-Onone";
			};
			name = Debug;
		};
		031254B01ED584B400160CB3 /* Release */ = {
			isa = XCBuildConfiguration;
			buildSettings = {
				ALWAYS_SEARCH_USER_PATHS = NO;
				CLANG_ANALYZER_NONNULL = YES;
				CLANG_ANALYZER_NUMBER_OBJECT_CONVERSION = YES_AGGRESSIVE;
				CLANG_CXX_LANGUAGE_STANDARD = "gnu++0x";
				CLANG_CXX_LIBRARY = "libc++";
				CLANG_ENABLE_MODULES = YES;
				CLANG_ENABLE_OBJC_ARC = YES;
				CLANG_WARN_BOOL_CONVERSION = YES;
				CLANG_WARN_CONSTANT_CONVERSION = YES;
				CLANG_WARN_DIRECT_OBJC_ISA_USAGE = YES_ERROR;
				CLANG_WARN_DOCUMENTATION_COMMENTS = YES;
				CLANG_WARN_EMPTY_BODY = YES;
				CLANG_WARN_ENUM_CONVERSION = YES;
				CLANG_WARN_INFINITE_RECURSION = YES;
				CLANG_WARN_INT_CONVERSION = YES;
				CLANG_WARN_OBJC_ROOT_CLASS = YES_ERROR;
				CLANG_WARN_SUSPICIOUS_MOVE = YES;
				CLANG_WARN_UNREACHABLE_CODE = YES;
				CLANG_WARN__DUPLICATE_METHOD_MATCH = YES;
				"CODE_SIGN_IDENTITY[sdk=iphoneos*]" = "iPhone Developer";
				COPY_PHASE_STRIP = NO;
				DEBUG_INFORMATION_FORMAT = "dwarf-with-dsym";
				ENABLE_NS_ASSERTIONS = NO;
				ENABLE_STRICT_OBJC_MSGSEND = YES;
				GCC_C_LANGUAGE_STANDARD = gnu99;
				GCC_NO_COMMON_BLOCKS = YES;
				GCC_WARN_64_TO_32_BIT_CONVERSION = YES;
				GCC_WARN_ABOUT_RETURN_TYPE = YES_ERROR;
				GCC_WARN_UNDECLARED_SELECTOR = YES;
				GCC_WARN_UNINITIALIZED_AUTOS = YES_AGGRESSIVE;
				GCC_WARN_UNUSED_FUNCTION = YES;
				GCC_WARN_UNUSED_VARIABLE = YES;
				IPHONEOS_DEPLOYMENT_TARGET = 10.3;
				MTL_ENABLE_DEBUG_INFO = NO;
				SDKROOT = iphoneos;
				SWIFT_OPTIMIZATION_LEVEL = "-Owholemodule";
				VALIDATE_PRODUCT = YES;
			};
			name = Release;
		};
		031254B21ED584B400160CB3 /* Debug */ = {
			isa = XCBuildConfiguration;
			buildSettings = {
				ASSETCATALOG_COMPILER_APPICON_NAME = AppIcon;
				CLANG_ENABLE_MODULES = YES;
				DEVELOPMENT_TEAM = 75A5DAPRYG;
				INFOPLIST_FILE = "$(SRCROOT)/Simple Calculator/SupportingFiles/Info.plist";
				IPHONEOS_DEPLOYMENT_TARGET = 9.3;
				LD_RUNPATH_SEARCH_PATHS = "$(inherited) @executable_path/Frameworks";
				PRODUCT_BUNDLE_IDENTIFIER = "UG-Lemondo.Simple-Calculator";
				PRODUCT_NAME = "$(TARGET_NAME)";
				SWIFT_OPTIMIZATION_LEVEL = "-Onone";
				SWIFT_VERSION = 3.0;
			};
			name = Debug;
		};
		031254B31ED584B400160CB3 /* Release */ = {
			isa = XCBuildConfiguration;
			buildSettings = {
				ASSETCATALOG_COMPILER_APPICON_NAME = AppIcon;
				CLANG_ENABLE_MODULES = YES;
				DEVELOPMENT_TEAM = 75A5DAPRYG;
				INFOPLIST_FILE = "$(SRCROOT)/Simple Calculator/SupportingFiles/Info.plist";
				IPHONEOS_DEPLOYMENT_TARGET = 9.3;
				LD_RUNPATH_SEARCH_PATHS = "$(inherited) @executable_path/Frameworks";
				PRODUCT_BUNDLE_IDENTIFIER = "UG-Lemondo.Simple-Calculator";
				PRODUCT_NAME = "$(TARGET_NAME)";
				SWIFT_VERSION = 3.0;
			};
			name = Release;
		};
/* End XCBuildConfiguration section */

/* Begin XCConfigurationList section */
		0312549A1ED584B400160CB3 /* Build configuration list for PBXProject "Simple Calculator" */ = {
			isa = XCConfigurationList;
			buildConfigurations = (
				031254AF1ED584B400160CB3 /* Debug */,
				031254B01ED584B400160CB3 /* Release */,
			);
			defaultConfigurationIsVisible = 0;
			defaultConfigurationName = Release;
		};
		031254B11ED584B400160CB3 /* Build configuration list for PBXNativeTarget "Simple Calculator" */ = {
			isa = XCConfigurationList;
			buildConfigurations = (
				031254B21ED584B400160CB3 /* Debug */,
				031254B31ED584B400160CB3 /* Release */,
			);
			defaultConfigurationIsVisible = 0;
		};
/* End XCConfigurationList section */
	};
	rootObject = 031254971ED584B400160CB3 /* Project object */;
}
